
Microsoft Visual Studio Solution File, Format Version 11.00
# Visual Studio 2010
Project("{FAE04EC0-301F-11D3-BF4B-00C04F79EFBC}") = "Assembly-CSharp", "Assembly-CSharp.csproj", "{5058AAA4-0D89-6EB1-5D0A-F519673954E7}"
EndProject
Project("{FAE04EC0-301F-11D3-BF4B-00C04F79EFBC}") = "Assembly-CSharp-firstpass", "Assembly-CSharp-firstpass.csproj", "{88E17AD4-B99C-A149-9E13-A0A947D084A9}"
EndProject
Project("{FAE04EC0-301F-11D3-BF4B-00C04F79EFBC}") = "Assembly-CSharp-Editor-firstpass", "Assembly-CSharp-Editor-firstpass.csproj", "{DC32B5F1-C1CE-4A9F-87C5-B288143BD039}"
EndProject
Global
	GlobalSection(SolutionConfigurationPlatforms) = preSolution
		Debug|Any CPU = Debug|Any CPU
		Release|Any CPU = Release|Any CPU
	EndGlobalSection
	GlobalSection(ProjectConfigurationPlatforms) = postSolution
		{5058AAA4-0D89-6EB1-5D0A-F519673954E7}.Debug|Any CPU.ActiveCfg = Debug|Any CPU
		{5058AAA4-0D89-6EB1-5D0A-F519673954E7}.Debug|Any CPU.Build.0 = Debug|Any CPU
		{5058AAA4-0D89-6EB1-5D0A-F519673954E7}.Release|Any CPU.ActiveCfg = Release|Any CPU
		{5058AAA4-0D89-6EB1-5D0A-F519673954E7}.Release|Any CPU.Build.0 = Release|Any CPU
		{88E17AD4-B99C-A149-9E13-A0A947D084A9}.Debug|Any CPU.ActiveCfg = Debug|Any CPU
		{88E17AD4-B99C-A149-9E13-A0A947D084A9}.Debug|Any CPU.Build.0 = Debug|Any CPU
		{88E17AD4-B99C-A149-9E13-A0A947D084A9}.Release|Any CPU.ActiveCfg = Release|Any CPU
		{88E17AD4-B99C-A149-9E13-A0A947D084A9}.Release|Any CPU.Build.0 = Release|Any CPU
		{DC32B5F1-C1CE-4A9F-87C5-B288143BD039}.Debug|Any CPU.ActiveCfg = Debug|Any CPU
		{DC32B5F1-C1CE-4A9F-87C5-B288143BD039}.Debug|Any CPU.Build.0 = Debug|Any CPU
		{DC32B5F1-C1CE-4A9F-87C5-B288143BD039}.Release|Any CPU.ActiveCfg = Release|Any CPU
		{DC32B5F1-C1CE-4A9F-87C5-B288143BD039}.Release|Any CPU.Build.0 = Release|Any CPU
	EndGlobalSection
	GlobalSection(SolutionProperties) = preSolution
		HideSolutionNode = FALSE
	EndGlobalSection
	GlobalSection(MonoDevelopProperties) = preSolution
		StartupItem = Assembly-CSharp.csproj
	EndGlobalSection
EndGlobal
